# THIS IS AN AUTOGENERATED FILE. DO NOT EDIT THIS FILE DIRECTLY.
# yarn lockfile v1


bencode@^0.10.0:
  version "0.10.0"
  resolved "https://registry.yarnpkg.com/bencode/-/bencode-0.10.0.tgz#717b36fc61c4e9cb3755f0a9f90996ee5b46f0d0"

bindings@~1.2.1:
  version "1.2.1"
  resolved "https://registry.yarnpkg.com/bindings/-/bindings-1.2.1.tgz#14ad6113812d2d37d72e67b4cacb4bb726505f11"

commander@^2.9.0:
  version "2.9.0"
  resolved "https://registry.yarnpkg.com/commander/-/commander-2.9.0.tgz#9c99094176e12240cb22d6c5146098400fe0f7d4"
  dependencies:
    graceful-readlink ">= 1.0.0"

dht-infohash-crawler@^0.3.1:
  version "0.3.1"
  resolved "https://registry.yarnpkg.com/dht-infohash-crawler/-/dht-infohash-crawler-0.3.1.tgz#f6c06b2d27aa4f07fc789c60635f1a874ec7058d"
  dependencies:
    bencode "^0.10.0"

"graceful-readlink@>= 1.0.0":
  version "1.0.1"
  resolved "https://registry.yarnpkg.com/graceful-readlink/-/graceful-readlink-1.0.1.tgz#4cafad76bc62f02fa039b2f94e9a3dd3a391a725"

nan@~2.3.0:
  version "2.3.5"
  resolved "https://registry.yarnpkg.com/nan/-/nan-2.3.5.tgz#822a0dc266290ce4cd3a12282ca3e7e364668a08"

zmq@^2.15.3:
  version "2.15.3"
  resolved "https://registry.yarnpkg.com/zmq/-/zmq-2.15.3.tgz#66c6de82cc36b09734b820703776490a6fbbe624"
  dependencies:
    bindings "~1.2.1"
    nan "~2.3.0"
